
Microsoft Visual Studio Solution File, Format Version 12.00
# Visual Studio Version 16
VisualStudioVersion = 16.0.29519.87
MinimumVisualStudioVersion = 10.0.40219.1
Project("{8BC9CEB8-8B4A-11D0-8D11-00A0C91BC942}") = "The N-Body Problem del 2", "The N-Body Problem del 2\The N-Body Problem del 2.vcxproj", "{94FE1E3F-7319-409B-82F9-0AC96CA0B117}"
EndProject
Global
	GlobalSection(SolutionConfigurationPlatforms) = preSolution
		Debug|x64 = Debug|x64
		Debug|x86 = Debug|x86
		Release|x64 = Release|x64
		Release|x86 = Release|x86
	EndGlobalSection
	GlobalSection(ProjectConfigurationPlatforms) = postSolution
		{94FE1E3F-7319-409B-82F9-0AC96CA0B117}.Debug|x64.ActiveCfg = Debug|x64
		{94FE1E3F-7319-409B-82F9-0AC96CA0B117}.Debug|x64.Build.0 = Debug|x64
		{94FE1E3F-7319-409B-82F9-0AC96CA0B117}.Debug|x86.ActiveCfg = Debug|Win32
		{94FE1E3F-7319-409B-82F9-0AC96CA0B117}.Debug|x86.Build.0 = Debug|Win32
		{94FE1E3F-7319-409B-82F9-0AC96CA0B117}.Release|x64.ActiveCfg = Release|x64
		{94FE1E3F-7319-409B-82F9-0AC96CA0B117}.Release|x64.Build.0 = Release|x64
		{94FE1E3F-7319-409B-82F9-0AC96CA0B117}.Release|x86.ActiveCfg = Release|Win32
		{94FE1E3F-7319-409B-82F9-0AC96CA0B117}.Release|x86.Build.0 = Release|Win32
	EndGlobalSection
	GlobalSection(SolutionProperties) = preSolution
		HideSolutionNode = FALSE
	EndGlobalSection
	GlobalSection(ExtensibilityGlobals) = postSolution
		SolutionGuid = {D263E4D9-2006-4FDC-B51A-68B89F2B3CA0}
	EndGlobalSection
EndGlobal
