
Microsoft Visual Studio Solution File, Format Version 12.00
# Visual Studio Version 16
VisualStudioVersion = 16.0.29519.87
MinimumVisualStudioVersion = 10.0.40219.1
Project("{8BC9CEB8-8B4A-11D0-8D11-00A0C91BC942}") = "Sunny with a Chance of Asteroids", "Sunny with a Chance of Asteroids\Sunny with a Chance of Asteroids.vcxproj", "{2532B0F3-A824-4C20-B0EA-2A83C25F4198}"
EndProject
Global
	GlobalSection(SolutionConfigurationPlatforms) = preSolution
		Debug|x64 = Debug|x64
		Debug|x86 = Debug|x86
		Release|x64 = Release|x64
		Release|x86 = Release|x86
	EndGlobalSection
	GlobalSection(ProjectConfigurationPlatforms) = postSolution
		{2532B0F3-A824-4C20-B0EA-2A83C25F4198}.Debug|x64.ActiveCfg = Debug|x64
		{2532B0F3-A824-4C20-B0EA-2A83C25F4198}.Debug|x64.Build.0 = Debug|x64
		{2532B0F3-A824-4C20-B0EA-2A83C25F4198}.Debug|x86.ActiveCfg = Debug|Win32
		{2532B0F3-A824-4C20-B0EA-2A83C25F4198}.Debug|x86.Build.0 = Debug|Win32
		{2532B0F3-A824-4C20-B0EA-2A83C25F4198}.Release|x64.ActiveCfg = Release|x64
		{2532B0F3-A824-4C20-B0EA-2A83C25F4198}.Release|x64.Build.0 = Release|x64
		{2532B0F3-A824-4C20-B0EA-2A83C25F4198}.Release|x86.ActiveCfg = Release|Win32
		{2532B0F3-A824-4C20-B0EA-2A83C25F4198}.Release|x86.Build.0 = Release|Win32
	EndGlobalSection
	GlobalSection(SolutionProperties) = preSolution
		HideSolutionNode = FALSE
	EndGlobalSection
	GlobalSection(ExtensibilityGlobals) = postSolution
		SolutionGuid = {EE63B83E-9CDF-4D3C-B2DC-CE54DC302972}
	EndGlobalSection
EndGlobal
