
Microsoft Visual Studio Solution File, Format Version 12.00
# Visual Studio Version 16
VisualStudioVersion = 16.0.29519.87
MinimumVisualStudioVersion = 10.0.40219.1
Project("{8BC9CEB8-8B4A-11D0-8D11-00A0C91BC942}") = "The N-Body Problem", "The N-Body Problem\The N-Body Problem.vcxproj", "{F9D63B76-1C03-4C33-ABFE-EDFA4697CADE}"
EndProject
Global
	GlobalSection(SolutionConfigurationPlatforms) = preSolution
		Debug|x64 = Debug|x64
		Debug|x86 = Debug|x86
		Release|x64 = Release|x64
		Release|x86 = Release|x86
	EndGlobalSection
	GlobalSection(ProjectConfigurationPlatforms) = postSolution
		{F9D63B76-1C03-4C33-ABFE-EDFA4697CADE}.Debug|x64.ActiveCfg = Debug|x64
		{F9D63B76-1C03-4C33-ABFE-EDFA4697CADE}.Debug|x64.Build.0 = Debug|x64
		{F9D63B76-1C03-4C33-ABFE-EDFA4697CADE}.Debug|x86.ActiveCfg = Debug|Win32
		{F9D63B76-1C03-4C33-ABFE-EDFA4697CADE}.Debug|x86.Build.0 = Debug|Win32
		{F9D63B76-1C03-4C33-ABFE-EDFA4697CADE}.Release|x64.ActiveCfg = Release|x64
		{F9D63B76-1C03-4C33-ABFE-EDFA4697CADE}.Release|x64.Build.0 = Release|x64
		{F9D63B76-1C03-4C33-ABFE-EDFA4697CADE}.Release|x86.ActiveCfg = Release|Win32
		{F9D63B76-1C03-4C33-ABFE-EDFA4697CADE}.Release|x86.Build.0 = Release|Win32
	EndGlobalSection
	GlobalSection(SolutionProperties) = preSolution
		HideSolutionNode = FALSE
	EndGlobalSection
	GlobalSection(ExtensibilityGlobals) = postSolution
		SolutionGuid = {E6BFF643-C1B5-446A-8C60-034CE21DC665}
	EndGlobalSection
EndGlobal
